
Microsoft Visual Studio Solution File, Format Version 12.00
# Visual Studio 15
VisualStudioVersion = 15.0.28307.136
MinimumVisualStudioVersion = 10.0.40219.1
Project("{FAE04EC0-301F-11D3-BF4B-00C04F79EFBC}") = "TabbedPage.Android", "TabbedPage\TabbedPage.Android\TabbedPage.Android.csproj", "{6A18B781-B762-46D3-8DAD-9B060FE3159F}"
EndProject
Project("{FAE04EC0-301F-11D3-BF4B-00C04F79EFBC}") = "TabbedPage.iOS", "TabbedPage\TabbedPage.iOS\TabbedPage.iOS.csproj", "{EBD2C7FE-39B0-4E0D-A3AA-CCFABA09D32A}"
EndProject
Project("{FAE04EC0-301F-11D3-BF4B-00C04F79EFBC}") = "TabbedPage.UWP", "TabbedPage\TabbedPage.UWP\TabbedPage.UWP.csproj", "{5BEEEA2F-5084-4FE4-B3E3-96A9E1E91609}"
EndProject
Project("{FAE04EC0-301F-11D3-BF4B-00C04F79EFBC}") = "TabbedPage", "TabbedPage\TabbedPage\TabbedPage.csproj", "{605128D9-BA09-4263-B4BD-1AE9548C07D0}"
EndProject
Global
	GlobalSection(SolutionConfigurationPlatforms) = preSolution
		Ad-Hoc|Any CPU = Ad-Hoc|Any CPU
		Ad-Hoc|ARM = Ad-Hoc|ARM
		Ad-Hoc|iPhone = Ad-Hoc|iPhone
		Ad-Hoc|iPhoneSimulator = Ad-Hoc|iPhoneSimulator
		Ad-Hoc|x64 = Ad-Hoc|x64
		Ad-Hoc|x86 = Ad-Hoc|x86
		AppStore|Any CPU = AppStore|Any CPU
		AppStore|ARM = AppStore|ARM
		AppStore|iPhone = AppStore|iPhone
		AppStore|iPhoneSimulator = AppStore|iPhoneSimulator
		AppStore|x64 = AppStore|x64
		AppStore|x86 = AppStore|x86
		Debug|Any CPU = Debug|Any CPU
		Debug|ARM = Debug|ARM
		Debug|iPhone = Debug|iPhone
		Debug|iPhoneSimulator = Debug|iPhoneSimulator
		Debug|x64 = Debug|x64
		Debug|x86 = Debug|x86
		Release|Any CPU = Release|Any CPU
		Release|ARM = Release|ARM
		Release|iPhone = Release|iPhone
		Release|iPhoneSimulator = Release|iPhoneSimulator
		Release|x64 = Release|x64
		Release|x86 = Release|x86
	EndGlobalSection
	GlobalSection(ProjectConfigurationPlatforms) = postSolution
		{6A18B781-B762-46D3-8DAD-9B060FE3159F}.Ad-Hoc|Any CPU.ActiveCfg = Release|Any CPU
		{6A18B781-B762-46D3-8DAD-9B060FE3159F}.Ad-Hoc|Any CPU.Build.0 = Release|Any CPU
		{6A18B781-B762-46D3-8DAD-9B060FE3159F}.Ad-Hoc|Any CPU.Deploy.0 = Release|Any CPU
		{6A18B781-B762-46D3-8DAD-9B060FE3159F}.Ad-Hoc|ARM.ActiveCfg = Release|Any CPU
		{6A18B781-B762-46D3-8DAD-9B060FE3159F}.Ad-Hoc|ARM.Build.0 = Release|Any CPU
		{6A18B781-B762-46D3-8DAD-9B060FE3159F}.Ad-Hoc|ARM.Deploy.0 = Release|Any CPU
		{6A18B781-B762-46D3-8DAD-9B060FE3159F}.Ad-Hoc|iPhone.ActiveCfg = Release|Any CPU
		{6A18B781-B762-46D3-8DAD-9B060FE3159F}.Ad-Hoc|iPhone.Build.0 = Release|Any CPU
		{6A18B781-B762-46D3-8DAD-9B060FE3159F}.Ad-Hoc|iPhone.Deploy.0 = Release|Any CPU
		{6A18B781-B762-46D3-8DAD-9B060FE3159F}.Ad-Hoc|iPhoneSimulator.ActiveCfg = Release|Any CPU
		{6A18B781-B762-46D3-8DAD-9B060FE3159F}.Ad-Hoc|iPhoneSimulator.Build.0 = Release|Any CPU
		{6A18B781-B762-46D3-8DAD-9B060FE3159F}.Ad-Hoc|iPhoneSimulator.Deploy.0 = Release|Any CPU
		{6A18B781-B762-46D3-8DAD-9B060FE3159F}.Ad-Hoc|x64.ActiveCfg = Release|Any CPU
		{6A18B781-B762-46D3-8DAD-9B060FE3159F}.Ad-Hoc|x64.Build.0 = Release|Any CPU
		{6A18B781-B762-46D3-8DAD-9B060FE3159F}.Ad-Hoc|x64.Deploy.0 = Release|Any CPU
		{6A18B781-B762-46D3-8DAD-9B060FE3159F}.Ad-Hoc|x86.ActiveCfg = Release|Any CPU
		{6A18B781-B762-46D3-8DAD-9B060FE3159F}.Ad-Hoc|x86.Build.0 = Release|Any CPU
		{6A18B781-B762-46D3-8DAD-9B060FE3159F}.Ad-Hoc|x86.Deploy.0 = Release|Any CPU
		{6A18B781-B762-46D3-8DAD-9B060FE3159F}.AppStore|Any CPU.ActiveCfg = Release|Any CPU
		{6A18B781-B762-46D3-8DAD-9B060FE3159F}.AppStore|Any CPU.Build.0 = Release|Any CPU
		{6A18B781-B762-46D3-8DAD-9B060FE3159F}.AppStore|Any CPU.Deploy.0 = Release|Any CPU
		{6A18B781-B762-46D3-8DAD-9B060FE3159F}.AppStore|ARM.ActiveCfg = Release|Any CPU
		{6A18B781-B762-46D3-8DAD-9B060FE3159F}.AppStore|ARM.Build.0 = Release|Any CPU
		{6A18B781-B762-46D3-8DAD-9B060FE3159F}.AppStore|ARM.Deploy.0 = Release|Any CPU
		{6A18B781-B762-46D3-8DAD-9B060FE3159F}.AppStore|iPhone.ActiveCfg = Release|Any CPU
		{6A18B781-B762-46D3-8DAD-9B060FE3159F}.AppStore|iPhone.Build.0 = Release|Any CPU
		{6A18B781-B762-46D3-8DAD-9B060FE3159F}.AppStore|iPhone.Deploy.0 = Release|Any CPU
		{6A18B781-B762-46D3-8DAD-9B060FE3159F}.AppStore|iPhoneSimulator.ActiveCfg = Release|Any CPU
		{6A18B781-B762-46D3-8DAD-9B060FE3159F}.AppStore|iPhoneSimulator.Build.0 = Release|Any CPU
		{6A18B781-B762-46D3-8DAD-9B060FE3159F}.AppStore|iPhoneSimulator.Deploy.0 = Release|Any CPU
		{6A18B781-B762-46D3-8DAD-9B060FE3159F}.AppStore|x64.ActiveCfg = Release|Any CPU
		{6A18B781-B762-46D3-8DAD-9B060FE3159F}.AppStore|x64.Build.0 = Release|Any CPU
		{6A18B781-B762-46D3-8DAD-9B060FE3159F}.AppStore|x64.Deploy.0 = Release|Any CPU
		{6A18B781-B762-46D3-8DAD-9B060FE3159F}.AppStore|x86.ActiveCfg = Release|Any CPU
		{6A18B781-B762-46D3-8DAD-9B060FE3159F}.AppStore|x86.Build.0 = Release|Any CPU
		{6A18B781-B762-46D3-8DAD-9B060FE3159F}.AppStore|x86.Deploy.0 = Release|Any CPU
		{6A18B781-B762-46D3-8DAD-9B060FE3159F}.Debug|Any CPU.ActiveCfg = Debug|Any CPU
		{6A18B781-B762-46D3-8DAD-9B060FE3159F}.Debug|Any CPU.Build.0 = Debug|Any CPU
		{6A18B781-B762-46D3-8DAD-9B060FE3159F}.Debug|Any CPU.Deploy.0 = Debug|Any CPU
		{6A18B781-B762-46D3-8DAD-9B060FE3159F}.Debug|ARM.ActiveCfg = Debug|Any CPU
		{6A18B781-B762-46D3-8DAD-9B060FE3159F}.Debug|ARM.Build.0 = Debug|Any CPU
		{6A18B781-B762-46D3-8DAD-9B060FE3159F}.Debug|ARM.Deploy.0 = Debug|Any CPU
		{6A18B781-B762-46D3-8DAD-9B060FE3159F}.Debug|iPhone.ActiveCfg = Debug|Any CPU
		{6A18B781-B762-46D3-8DAD-9B060FE3159F}.Debug|iPhone.Build.0 = Debug|Any CPU
		{6A18B781-B762-46D3-8DAD-9B060FE3159F}.Debug|iPhone.Deploy.0 = Debug|Any CPU
		{6A18B781-B762-46D3-8DAD-9B060FE3159F}.Debug|iPhoneSimulator.ActiveCfg = Debug|Any CPU
		{6A18B781-B762-46D3-8DAD-9B060FE3159F}.Debug|iPhoneSimulator.Build.0 = Debug|Any CPU
		{6A18B781-B762-46D3-8DAD-9B060FE3159F}.Debug|iPhoneSimulator.Deploy.0 = Debug|Any CPU
		{6A18B781-B762-46D3-8DAD-9B060FE3159F}.Debug|x64.ActiveCfg = Debug|Any CPU
		{6A18B781-B762-46D3-8DAD-9B060FE3159F}.Debug|x64.Build.0 = Debug|Any CPU
		{6A18B781-B762-46D3-8DAD-9B060FE3159F}.Debug|x64.Deploy.0 = Debug|Any CPU
		{6A18B781-B762-46D3-8DAD-9B060FE3159F}.Debug|x86.ActiveCfg = Debug|Any CPU
		{6A18B781-B762-46D3-8DAD-9B060FE3159F}.Debug|x86.Build.0 = Debug|Any CPU
		{6A18B781-B762-46D3-8DAD-9B060FE3159F}.Debug|x86.Deploy.0 = Debug|Any CPU
		{6A18B781-B762-46D3-8DAD-9B060FE3159F}.Release|Any CPU.ActiveCfg = Release|Any CPU
		{6A18B781-B762-46D3-8DAD-9B060FE3159F}.Release|Any CPU.Build.0 = Release|Any CPU
		{6A18B781-B762-46D3-8DAD-9B060FE3159F}.Release|Any CPU.Deploy.0 = Release|Any CPU
		{6A18B781-B762-46D3-8DAD-9B060FE3159F}.Release|ARM.ActiveCfg = Release|Any CPU
		{6A18B781-B762-46D3-8DAD-9B060FE3159F}.Release|ARM.Build.0 = Release|Any CPU
		{6A18B781-B762-46D3-8DAD-9B060FE3159F}.Release|ARM.Deploy.0 = Release|Any CPU
		{6A18B781-B762-46D3-8DAD-9B060FE3159F}.Release|iPhone.ActiveCfg = Release|Any CPU
		{6A18B781-B762-46D3-8DAD-9B060FE3159F}.Release|iPhone.Build.0 = Release|Any CPU
		{6A18B781-B762-46D3-8DAD-9B060FE3159F}.Release|iPhone.Deploy.0 = Release|Any CPU
		{6A18B781-B762-46D3-8DAD-9B060FE3159F}.Release|iPhoneSimulator.ActiveCfg = Release|Any CPU
		{6A18B781-B762-46D3-8DAD-9B060FE3159F}.Release|iPhoneSimulator.Build.0 = Release|Any CPU
		{6A18B781-B762-46D3-8DAD-9B060FE3159F}.Release|iPhoneSimulator.Deploy.0 = Release|Any CPU
		{6A18B781-B762-46D3-8DAD-9B060FE3159F}.Release|x64.ActiveCfg = Release|Any CPU
		{6A18B781-B762-46D3-8DAD-9B060FE3159F}.Release|x64.Build.0 = Release|Any CPU
		{6A18B781-B762-46D3-8DAD-9B060FE3159F}.Release|x64.Deploy.0 = Release|Any CPU
		{6A18B781-B762-46D3-8DAD-9B060FE3159F}.Release|x86.ActiveCfg = Release|Any CPU
		{6A18B781-B762-46D3-8DAD-9B060FE3159F}.Release|x86.Build.0 = Release|Any CPU
		{6A18B781-B762-46D3-8DAD-9B060FE3159F}.Release|x86.Deploy.0 = Release|Any CPU
		{EBD2C7FE-39B0-4E0D-A3AA-CCFABA09D32A}.Ad-Hoc|Any CPU.ActiveCfg = Ad-Hoc|iPhone
		{EBD2C7FE-39B0-4E0D-A3AA-CCFABA09D32A}.Ad-Hoc|Any CPU.Build.0 = Ad-Hoc|iPhone
		{EBD2C7FE-39B0-4E0D-A3AA-CCFABA09D32A}.Ad-Hoc|Any CPU.Deploy.0 = Ad-Hoc|iPhone
		{EBD2C7FE-39B0-4E0D-A3AA-CCFABA09D32A}.Ad-Hoc|ARM.ActiveCfg = Ad-Hoc|iPhone
		{EBD2C7FE-39B0-4E0D-A3AA-CCFABA09D32A}.Ad-Hoc|ARM.Build.0 = Ad-Hoc|iPhone
		{EBD2C7FE-39B0-4E0D-A3AA-CCFABA09D32A}.Ad-Hoc|ARM.Deploy.0 = Ad-Hoc|iPhone
		{EBD2C7FE-39B0-4E0D-A3AA-CCFABA09D32A}.Ad-Hoc|iPhone.ActiveCfg = Ad-Hoc|iPhone
		{EBD2C7FE-39B0-4E0D-A3AA-CCFABA09D32A}.Ad-Hoc|iPhone.Build.0 = Ad-Hoc|iPhone
		{EBD2C7FE-39B0-4E0D-A3AA-CCFABA09D32A}.Ad-Hoc|iPhone.Deploy.0 = Ad-Hoc|iPhone
		{EBD2C7FE-39B0-4E0D-A3AA-CCFABA09D32A}.Ad-Hoc|iPhoneSimulator.ActiveCfg = Ad-Hoc|iPhoneSimulator
		{EBD2C7FE-39B0-4E0D-A3AA-CCFABA09D32A}.Ad-Hoc|iPhoneSimulator.Build.0 = Ad-Hoc|iPhoneSimulator
		{EBD2C7FE-39B0-4E0D-A3AA-CCFABA09D32A}.Ad-Hoc|iPhoneSimulator.Deploy.0 = Ad-Hoc|iPhoneSimulator
		{EBD2C7FE-39B0-4E0D-A3AA-CCFABA09D32A}.Ad-Hoc|x64.ActiveCfg = Ad-Hoc|iPhone
		{EBD2C7FE-39B0-4E0D-A3AA-CCFABA09D32A}.Ad-Hoc|x64.Build.0 = Ad-Hoc|iPhone
		{EBD2C7FE-39B0-4E0D-A3AA-CCFABA09D32A}.Ad-Hoc|x64.Deploy.0 = Ad-Hoc|iPhone
		{EBD2C7FE-39B0-4E0D-A3AA-CCFABA09D32A}.Ad-Hoc|x86.ActiveCfg = Ad-Hoc|iPhone
		{EBD2C7FE-39B0-4E0D-A3AA-CCFABA09D32A}.Ad-Hoc|x86.Build.0 = Ad-Hoc|iPhone
		{EBD2C7FE-39B0-4E0D-A3AA-CCFABA09D32A}.Ad-Hoc|x86.Deploy.0 = Ad-Hoc|iPhone
		{EBD2C7FE-39B0-4E0D-A3AA-CCFABA09D32A}.AppStore|Any CPU.ActiveCfg = AppStore|iPhone
		{EBD2C7FE-39B0-4E0D-A3AA-CCFABA09D32A}.AppStore|Any CPU.Build.0 = AppStore|iPhone
		{EBD2C7FE-39B0-4E0D-A3AA-CCFABA09D32A}.AppStore|Any CPU.Deploy.0 = AppStore|iPhone
		{EBD2C7FE-39B0-4E0D-A3AA-CCFABA09D32A}.AppStore|ARM.ActiveCfg = AppStore|iPhone
		{EBD2C7FE-39B0-4E0D-A3AA-CCFABA09D32A}.AppStore|ARM.Build.0 = AppStore|iPhone
		{EBD2C7FE-39B0-4E0D-A3AA-CCFABA09D32A}.AppStore|ARM.Deploy.0 = AppStore|iPhone
		{EBD2C7FE-39B0-4E0D-A3AA-CCFABA09D32A}.AppStore|iPhone.ActiveCfg = AppStore|iPhone
		{EBD2C7FE-39B0-4E0D-A3AA-CCFABA09D32A}.AppStore|iPhone.Build.0 = AppStore|iPhone
		{EBD2C7FE-39B0-4E0D-A3AA-CCFABA09D32A}.AppStore|iPhone.Deploy.0 = AppStore|iPhone
		{EBD2C7FE-39B0-4E0D-A3AA-CCFABA09D32A}.AppStore|iPhoneSimulator.ActiveCfg = AppStore|iPhoneSimulator
		{EBD2C7FE-39B0-4E0D-A3AA-CCFABA09D32A}.AppStore|iPhoneSimulator.Build.0 = AppStore|iPhoneSimulator
		{EBD2C7FE-39B0-4E0D-A3AA-CCFABA09D32A}.AppStore|iPhoneSimulator.Deploy.0 = AppStore|iPhoneSimulator
		{EBD2C7FE-39B0-4E0D-A3AA-CCFABA09D32A}.AppStore|x64.ActiveCfg = AppStore|iPhone
		{EBD2C7FE-39B0-4E0D-A3AA-CCFABA09D32A}.AppStore|x64.Build.0 = AppStore|iPhone
		{EBD2C7FE-39B0-4E0D-A3AA-CCFABA09D32A}.AppStore|x64.Deploy.0 = AppStore|iPhone
		{EBD2C7FE-39B0-4E0D-A3AA-CCFABA09D32A}.AppStore|x86.ActiveCfg = AppStore|iPhone
		{EBD2C7FE-39B0-4E0D-A3AA-CCFABA09D32A}.AppStore|x86.Build.0 = AppStore|iPhone
		{EBD2C7FE-39B0-4E0D-A3AA-CCFABA09D32A}.AppStore|x86.Deploy.0 = AppStore|iPhone
		{EBD2C7FE-39B0-4E0D-A3AA-CCFABA09D32A}.Debug|Any CPU.ActiveCfg = Debug|iPhoneSimulator
		{EBD2C7FE-39B0-4E0D-A3AA-CCFABA09D32A}.Debug|Any CPU.Build.0 = Debug|iPhoneSimulator
		{EBD2C7FE-39B0-4E0D-A3AA-CCFABA09D32A}.Debug|Any CPU.Deploy.0 = Debug|iPhoneSimulator
		{EBD2C7FE-39B0-4E0D-A3AA-CCFABA09D32A}.Debug|ARM.ActiveCfg = Debug|iPhone
		{EBD2C7FE-39B0-4E0D-A3AA-CCFABA09D32A}.Debug|ARM.Build.0 = Debug|iPhone
		{EBD2C7FE-39B0-4E0D-A3AA-CCFABA09D32A}.Debug|ARM.Deploy.0 = Debug|iPhone
		{EBD2C7FE-39B0-4E0D-A3AA-CCFABA09D32A}.Debug|iPhone.ActiveCfg = Debug|iPhone
		{EBD2C7FE-39B0-4E0D-A3AA-CCFABA09D32A}.Debug|iPhone.Build.0 = Debug|iPhone
		{EBD2C7FE-39B0-4E0D-A3AA-CCFABA09D32A}.Debug|iPhone.Deploy.0 = Debug|iPhone
		{EBD2C7FE-39B0-4E0D-A3AA-CCFABA09D32A}.Debug|iPhoneSimulator.ActiveCfg = Debug|iPhoneSimulator
		{EBD2C7FE-39B0-4E0D-A3AA-CCFABA09D32A}.Debug|iPhoneSimulator.Build.0 = Debug|iPhoneSimulator
		{EBD2C7FE-39B0-4E0D-A3AA-CCFABA09D32A}.Debug|iPhoneSimulator.Deploy.0 = Debug|iPhoneSimulator
		{EBD2C7FE-39B0-4E0D-A3AA-CCFABA09D32A}.Debug|x64.ActiveCfg = Debug|iPhone
		{EBD2C7FE-39B0-4E0D-A3AA-CCFABA09D32A}.Debug|x64.Build.0 = Debug|iPhone
		{EBD2C7FE-39B0-4E0D-A3AA-CCFABA09D32A}.Debug|x64.Deploy.0 = Debug|iPhone
		{EBD2C7FE-39B0-4E0D-A3AA-CCFABA09D32A}.Debug|x86.ActiveCfg = Debug|iPhone
		{EBD2C7FE-39B0-4E0D-A3AA-CCFABA09D32A}.Debug|x86.Build.0 = Debug|iPhone
		{EBD2C7FE-39B0-4E0D-A3AA-CCFABA09D32A}.Debug|x86.Deploy.0 = Debug|iPhone
		{EBD2C7FE-39B0-4E0D-A3AA-CCFABA09D32A}.Release|Any CPU.ActiveCfg = Release|iPhone
		{EBD2C7FE-39B0-4E0D-A3AA-CCFABA09D32A}.Release|Any CPU.Build.0 = Release|iPhone
		{EBD2C7FE-39B0-4E0D-A3AA-CCFABA09D32A}.Release|Any CPU.Deploy.0 = Release|iPhone
		{EBD2C7FE-39B0-4E0D-A3AA-CCFABA09D32A}.Release|ARM.ActiveCfg = Release|iPhone
		{EBD2C7FE-39B0-4E0D-A3AA-CCFABA09D32A}.Release|ARM.Build.0 = Release|iPhone
		{EBD2C7FE-39B0-4E0D-A3AA-CCFABA09D32A}.Release|ARM.Deploy.0 = Release|iPhone
		{EBD2C7FE-39B0-4E0D-A3AA-CCFABA09D32A}.Release|iPhone.ActiveCfg = Release|iPhone
		{EBD2C7FE-39B0-4E0D-A3AA-CCFABA09D32A}.Release|iPhone.Build.0 = Release|iPhone
		{EBD2C7FE-39B0-4E0D-A3AA-CCFABA09D32A}.Release|iPhone.Deploy.0 = Release|iPhone
		{EBD2C7FE-39B0-4E0D-A3AA-CCFABA09D32A}.Release|iPhoneSimulator.ActiveCfg = Release|iPhoneSimulator
		{EBD2C7FE-39B0-4E0D-A3AA-CCFABA09D32A}.Release|iPhoneSimulator.Build.0 = Release|iPhoneSimulator
		{EBD2C7FE-39B0-4E0D-A3AA-CCFABA09D32A}.Release|iPhoneSimulator.Deploy.0 = Release|iPhoneSimulator
		{EBD2C7FE-39B0-4E0D-A3AA-CCFABA09D32A}.Release|x64.ActiveCfg = Release|iPhone
		{EBD2C7FE-39B0-4E0D-A3AA-CCFABA09D32A}.Release|x64.Build.0 = Release|iPhone
		{EBD2C7FE-39B0-4E0D-A3AA-CCFABA09D32A}.Release|x64.Deploy.0 = Release|iPhone
		{EBD2C7FE-39B0-4E0D-A3AA-CCFABA09D32A}.Release|x86.ActiveCfg = Release|iPhone
		{EBD2C7FE-39B0-4E0D-A3AA-CCFABA09D32A}.Release|x86.Build.0 = Release|iPhone
		{EBD2C7FE-39B0-4E0D-A3AA-CCFABA09D32A}.Release|x86.Deploy.0 = Release|iPhone
		{5BEEEA2F-5084-4FE4-B3E3-96A9E1E91609}.Ad-Hoc|Any CPU.ActiveCfg = Release|x86
		{5BEEEA2F-5084-4FE4-B3E3-96A9E1E91609}.Ad-Hoc|Any CPU.Build.0 = Release|x86
		{5BEEEA2F-5084-4FE4-B3E3-96A9E1E91609}.Ad-Hoc|Any CPU.Deploy.0 = Release|x86
		{5BEEEA2F-5084-4FE4-B3E3-96A9E1E91609}.Ad-Hoc|ARM.ActiveCfg = Release|ARM
		{5BEEEA2F-5084-4FE4-B3E3-96A9E1E91609}.Ad-Hoc|ARM.Build.0 = Release|ARM
		{5BEEEA2F-5084-4FE4-B3E3-96A9E1E91609}.Ad-Hoc|ARM.Deploy.0 = Release|ARM
		{5BEEEA2F-5084-4FE4-B3E3-96A9E1E91609}.Ad-Hoc|iPhone.ActiveCfg = Release|x86
		{5BEEEA2F-5084-4FE4-B3E3-96A9E1E91609}.Ad-Hoc|iPhone.Build.0 = Release|x86
		{5BEEEA2F-5084-4FE4-B3E3-96A9E1E91609}.Ad-Hoc|iPhone.Deploy.0 = Release|x86
		{5BEEEA2F-5084-4FE4-B3E3-96A9E1E91609}.Ad-Hoc|iPhoneSimulator.ActiveCfg = Release|x86
		{5BEEEA2F-5084-4FE4-B3E3-96A9E1E91609}.Ad-Hoc|iPhoneSimulator.Build.0 = Release|x86
		{5BEEEA2F-5084-4FE4-B3E3-96A9E1E91609}.Ad-Hoc|iPhoneSimulator.Deploy.0 = Release|x86
		{5BEEEA2F-5084-4FE4-B3E3-96A9E1E91609}.Ad-Hoc|x64.ActiveCfg = Release|x64
		{5BEEEA2F-5084-4FE4-B3E3-96A9E1E91609}.Ad-Hoc|x64.Build.0 = Release|x64
		{5BEEEA2F-5084-4FE4-B3E3-96A9E1E91609}.Ad-Hoc|x64.Deploy.0 = Release|x64
		{5BEEEA2F-5084-4FE4-B3E3-96A9E1E91609}.Ad-Hoc|x86.ActiveCfg = Release|x86
		{5BEEEA2F-5084-4FE4-B3E3-96A9E1E91609}.Ad-Hoc|x86.Build.0 = Release|x86
		{5BEEEA2F-5084-4FE4-B3E3-96A9E1E91609}.Ad-Hoc|x86.Deploy.0 = Release|x86
		{5BEEEA2F-5084-4FE4-B3E3-96A9E1E91609}.AppStore|Any CPU.ActiveCfg = Release|x86
		{5BEEEA2F-5084-4FE4-B3E3-96A9E1E91609}.AppStore|Any CPU.Build.0 = Release|x86
		{5BEEEA2F-5084-4FE4-B3E3-96A9E1E91609}.AppStore|Any CPU.Deploy.0 = Release|x86
		{5BEEEA2F-5084-4FE4-B3E3-96A9E1E91609}.AppStore|ARM.ActiveCfg = Release|ARM
		{5BEEEA2F-5084-4FE4-B3E3-96A9E1E91609}.AppStore|ARM.Build.0 = Release|ARM
		{5BEEEA2F-5084-4FE4-B3E3-96A9E1E91609}.AppStore|ARM.Deploy.0 = Release|ARM
		{5BEEEA2F-5084-4FE4-B3E3-96A9E1E91609}.AppStore|iPhone.ActiveCfg = Release|x86
		{5BEEEA2F-5084-4FE4-B3E3-96A9E1E91609}.AppStore|iPhone.Build.0 = Release|x86
		{5BEEEA2F-5084-4FE4-B3E3-96A9E1E91609}.AppStore|iPhone.Deploy.0 = Release|x86
		{5BEEEA2F-5084-4FE4-B3E3-96A9E1E91609}.AppStore|iPhoneSimulator.ActiveCfg = Release|x86
		{5BEEEA2F-5084-4FE4-B3E3-96A9E1E91609}.AppStore|iPhoneSimulator.Build.0 = Release|x86
		{5BEEEA2F-5084-4FE4-B3E3-96A9E1E91609}.AppStore|iPhoneSimulator.Deploy.0 = Release|x86
		{5BEEEA2F-5084-4FE4-B3E3-96A9E1E91609}.AppStore|x64.ActiveCfg = Release|x64
		{5BEEEA2F-5084-4FE4-B3E3-96A9E1E91609}.AppStore|x64.Build.0 = Release|x64
		{5BEEEA2F-5084-4FE4-B3E3-96A9E1E91609}.AppStore|x64.Deploy.0 = Release|x64
		{5BEEEA2F-5084-4FE4-B3E3-96A9E1E91609}.AppStore|x86.ActiveCfg = Release|x86
		{5BEEEA2F-5084-4FE4-B3E3-96A9E1E91609}.AppStore|x86.Build.0 = Release|x86
		{5BEEEA2F-5084-4FE4-B3E3-96A9E1E91609}.AppStore|x86.Deploy.0 = Release|x86
		{5BEEEA2F-5084-4FE4-B3E3-96A9E1E91609}.Debug|Any CPU.ActiveCfg = Debug|x86
		{5BEEEA2F-5084-4FE4-B3E3-96A9E1E91609}.Debug|Any CPU.Build.0 = Debug|x86
		{5BEEEA2F-5084-4FE4-B3E3-96A9E1E91609}.Debug|Any CPU.Deploy.0 = Debug|x86
		{5BEEEA2F-5084-4FE4-B3E3-96A9E1E91609}.Debug|ARM.ActiveCfg = Debug|ARM
		{5BEEEA2F-5084-4FE4-B3E3-96A9E1E91609}.Debug|ARM.Build.0 = Debug|ARM
		{5BEEEA2F-5084-4FE4-B3E3-96A9E1E91609}.Debug|ARM.Deploy.0 = Debug|ARM
		{5BEEEA2F-5084-4FE4-B3E3-96A9E1E91609}.Debug|iPhone.ActiveCfg = Debug|x86
		{5BEEEA2F-5084-4FE4-B3E3-96A9E1E91609}.Debug|iPhone.Build.0 = Debug|x86
		{5BEEEA2F-5084-4FE4-B3E3-96A9E1E91609}.Debug|iPhone.Deploy.0 = Debug|x86
		{5BEEEA2F-5084-4FE4-B3E3-96A9E1E91609}.Debug|iPhoneSimulator.ActiveCfg = Debug|x86
		{5BEEEA2F-5084-4FE4-B3E3-96A9E1E91609}.Debug|iPhoneSimulator.Build.0 = Debug|x86
		{5BEEEA2F-5084-4FE4-B3E3-96A9E1E91609}.Debug|iPhoneSimulator.Deploy.0 = Debug|x86
		{5BEEEA2F-5084-4FE4-B3E3-96A9E1E91609}.Debug|x64.ActiveCfg = Debug|x64
		{5BEEEA2F-5084-4FE4-B3E3-96A9E1E91609}.Debug|x64.Build.0 = Debug|x64
		{5BEEEA2F-5084-4FE4-B3E3-96A9E1E91609}.Debug|x64.Deploy.0 = Debug|x64
		{5BEEEA2F-5084-4FE4-B3E3-96A9E1E91609}.Debug|x86.ActiveCfg = Debug|x86
		{5BEEEA2F-5084-4FE4-B3E3-96A9E1E91609}.Debug|x86.Build.0 = Debug|x86
		{5BEEEA2F-5084-4FE4-B3E3-96A9E1E91609}.Debug|x86.Deploy.0 = Debug|x86
		{5BEEEA2F-5084-4FE4-B3E3-96A9E1E91609}.Release|Any CPU.ActiveCfg = Release|x86
		{5BEEEA2F-5084-4FE4-B3E3-96A9E1E91609}.Release|Any CPU.Build.0 = Release|x86
		{5BEEEA2F-5084-4FE4-B3E3-96A9E1E91609}.Release|Any CPU.Deploy.0 = Release|x86
		{5BEEEA2F-5084-4FE4-B3E3-96A9E1E91609}.Release|ARM.ActiveCfg = Release|ARM
		{5BEEEA2F-5084-4FE4-B3E3-96A9E1E91609}.Release|ARM.Build.0 = Release|ARM
		{5BEEEA2F-5084-4FE4-B3E3-96A9E1E91609}.Release|ARM.Deploy.0 = Release|ARM
		{5BEEEA2F-5084-4FE4-B3E3-96A9E1E91609}.Release|iPhone.ActiveCfg = Release|x86
		{5BEEEA2F-5084-4FE4-B3E3-96A9E1E91609}.Release|iPhone.Build.0 = Release|x86
		{5BEEEA2F-5084-4FE4-B3E3-96A9E1E91609}.Release|iPhone.Deploy.0 = Release|x86
		{5BEEEA2F-5084-4FE4-B3E3-96A9E1E91609}.Release|iPhoneSimulator.ActiveCfg = Release|x86
		{5BEEEA2F-5084-4FE4-B3E3-96A9E1E91609}.Release|iPhoneSimulator.Build.0 = Release|x86
		{5BEEEA2F-5084-4FE4-B3E3-96A9E1E91609}.Release|iPhoneSimulator.Deploy.0 = Release|x86
		{5BEEEA2F-5084-4FE4-B3E3-96A9E1E91609}.Release|x64.ActiveCfg = Release|x64
		{5BEEEA2F-5084-4FE4-B3E3-96A9E1E91609}.Release|x64.Build.0 = Release|x64
		{5BEEEA2F-5084-4FE4-B3E3-96A9E1E91609}.Release|x64.Deploy.0 = Release|x64
		{5BEEEA2F-5084-4FE4-B3E3-96A9E1E91609}.Release|x86.ActiveCfg = Release|x86
		{5BEEEA2F-5084-4FE4-B3E3-96A9E1E91609}.Release|x86.Build.0 = Release|x86
		{5BEEEA2F-5084-4FE4-B3E3-96A9E1E91609}.Release|x86.Deploy.0 = Release|x86
		{605128D9-BA09-4263-B4BD-1AE9548C07D0}.Ad-Hoc|Any CPU.ActiveCfg = Debug|Any CPU
		{605128D9-BA09-4263-B4BD-1AE9548C07D0}.Ad-Hoc|Any CPU.Build.0 = Debug|Any CPU
		{605128D9-BA09-4263-B4BD-1AE9548C07D0}.Ad-Hoc|Any CPU.Deploy.0 = Debug|Any CPU
		{605128D9-BA09-4263-B4BD-1AE9548C07D0}.Ad-Hoc|ARM.ActiveCfg = Debug|Any CPU
		{605128D9-BA09-4263-B4BD-1AE9548C07D0}.Ad-Hoc|ARM.Build.0 = Debug|Any CPU
		{605128D9-BA09-4263-B4BD-1AE9548C07D0}.Ad-Hoc|ARM.Deploy.0 = Debug|Any CPU
		{605128D9-BA09-4263-B4BD-1AE9548C07D0}.Ad-Hoc|iPhone.ActiveCfg = Debug|Any CPU
		{605128D9-BA09-4263-B4BD-1AE9548C07D0}.Ad-Hoc|iPhone.Build.0 = Debug|Any CPU
		{605128D9-BA09-4263-B4BD-1AE9548C07D0}.Ad-Hoc|iPhone.Deploy.0 = Debug|Any CPU
		{605128D9-BA09-4263-B4BD-1AE9548C07D0}.Ad-Hoc|iPhoneSimulator.ActiveCfg = Debug|Any CPU
		{605128D9-BA09-4263-B4BD-1AE9548C07D0}.Ad-Hoc|iPhoneSimulator.Build.0 = Debug|Any CPU
		{605128D9-BA09-4263-B4BD-1AE9548C07D0}.Ad-Hoc|iPhoneSimulator.Deploy.0 = Debug|Any CPU
		{605128D9-BA09-4263-B4BD-1AE9548C07D0}.Ad-Hoc|x64.ActiveCfg = Debug|Any CPU
		{605128D9-BA09-4263-B4BD-1AE9548C07D0}.Ad-Hoc|x64.Build.0 = Debug|Any CPU
		{605128D9-BA09-4263-B4BD-1AE9548C07D0}.Ad-Hoc|x64.Deploy.0 = Debug|Any CPU
		{605128D9-BA09-4263-B4BD-1AE9548C07D0}.Ad-Hoc|x86.ActiveCfg = Debug|Any CPU
		{605128D9-BA09-4263-B4BD-1AE9548C07D0}.Ad-Hoc|x86.Build.0 = Debug|Any CPU
		{605128D9-BA09-4263-B4BD-1AE9548C07D0}.Ad-Hoc|x86.Deploy.0 = Debug|Any CPU
		{605128D9-BA09-4263-B4BD-1AE9548C07D0}.AppStore|Any CPU.ActiveCfg = Debug|Any CPU
		{605128D9-BA09-4263-B4BD-1AE9548C07D0}.AppStore|Any CPU.Build.0 = Debug|Any CPU
		{605128D9-BA09-4263-B4BD-1AE9548C07D0}.AppStore|Any CPU.Deploy.0 = Debug|Any CPU
		{605128D9-BA09-4263-B4BD-1AE9548C07D0}.AppStore|ARM.ActiveCfg = Debug|Any CPU
		{605128D9-BA09-4263-B4BD-1AE9548C07D0}.AppStore|ARM.Build.0 = Debug|Any CPU
		{605128D9-BA09-4263-B4BD-1AE9548C07D0}.AppStore|ARM.Deploy.0 = Debug|Any CPU
		{605128D9-BA09-4263-B4BD-1AE9548C07D0}.AppStore|iPhone.ActiveCfg = Debug|Any CPU
		{605128D9-BA09-4263-B4BD-1AE9548C07D0}.AppStore|iPhone.Build.0 = Debug|Any CPU
		{605128D9-BA09-4263-B4BD-1AE9548C07D0}.AppStore|iPhone.Deploy.0 = Debug|Any CPU
		{605128D9-BA09-4263-B4BD-1AE9548C07D0}.AppStore|iPhoneSimulator.ActiveCfg = Debug|Any CPU
		{605128D9-BA09-4263-B4BD-1AE9548C07D0}.AppStore|iPhoneSimulator.Build.0 = Debug|Any CPU
		{605128D9-BA09-4263-B4BD-1AE9548C07D0}.AppStore|iPhoneSimulator.Deploy.0 = Debug|Any CPU
		{605128D9-BA09-4263-B4BD-1AE9548C07D0}.AppStore|x64.ActiveCfg = Debug|Any CPU
		{605128D9-BA09-4263-B4BD-1AE9548C07D0}.AppStore|x64.Build.0 = Debug|Any CPU
		{605128D9-BA09-4263-B4BD-1AE9548C07D0}.AppStore|x64.Deploy.0 = Debug|Any CPU
		{605128D9-BA09-4263-B4BD-1AE9548C07D0}.AppStore|x86.ActiveCfg = Debug|Any CPU
		{605128D9-BA09-4263-B4BD-1AE9548C07D0}.AppStore|x86.Build.0 = Debug|Any CPU
		{605128D9-BA09-4263-B4BD-1AE9548C07D0}.AppStore|x86.Deploy.0 = Debug|Any CPU
		{605128D9-BA09-4263-B4BD-1AE9548C07D0}.Debug|Any CPU.ActiveCfg = Debug|Any CPU
		{605128D9-BA09-4263-B4BD-1AE9548C07D0}.Debug|Any CPU.Build.0 = Debug|Any CPU
		{605128D9-BA09-4263-B4BD-1AE9548C07D0}.Debug|Any CPU.Deploy.0 = Debug|Any CPU
		{605128D9-BA09-4263-B4BD-1AE9548C07D0}.Debug|ARM.ActiveCfg = Debug|Any CPU
		{605128D9-BA09-4263-B4BD-1AE9548C07D0}.Debug|ARM.Build.0 = Debug|Any CPU
		{605128D9-BA09-4263-B4BD-1AE9548C07D0}.Debug|ARM.Deploy.0 = Debug|Any CPU
		{605128D9-BA09-4263-B4BD-1AE9548C07D0}.Debug|iPhone.ActiveCfg = Debug|Any CPU
		{605128D9-BA09-4263-B4BD-1AE9548C07D0}.Debug|iPhone.Build.0 = Debug|Any CPU
		{605128D9-BA09-4263-B4BD-1AE9548C07D0}.Debug|iPhone.Deploy.0 = Debug|Any CPU
		{605128D9-BA09-4263-B4BD-1AE9548C07D0}.Debug|iPhoneSimulator.ActiveCfg = Debug|Any CPU
		{605128D9-BA09-4263-B4BD-1AE9548C07D0}.Debug|iPhoneSimulator.Build.0 = Debug|Any CPU
		{605128D9-BA09-4263-B4BD-1AE9548C07D0}.Debug|iPhoneSimulator.Deploy.0 = Debug|Any CPU
		{605128D9-BA09-4263-B4BD-1AE9548C07D0}.Debug|x64.ActiveCfg = Debug|Any CPU
		{605128D9-BA09-4263-B4BD-1AE9548C07D0}.Debug|x64.Build.0 = Debug|Any CPU
		{605128D9-BA09-4263-B4BD-1AE9548C07D0}.Debug|x64.Deploy.0 = Debug|Any CPU
		{605128D9-BA09-4263-B4BD-1AE9548C07D0}.Debug|x86.ActiveCfg = Debug|Any CPU
		{605128D9-BA09-4263-B4BD-1AE9548C07D0}.Debug|x86.Build.0 = Debug|Any CPU
		{605128D9-BA09-4263-B4BD-1AE9548C07D0}.Debug|x86.Deploy.0 = Debug|Any CPU
		{605128D9-BA09-4263-B4BD-1AE9548C07D0}.Release|Any CPU.ActiveCfg = Release|Any CPU
		{605128D9-BA09-4263-B4BD-1AE9548C07D0}.Release|Any CPU.Build.0 = Release|Any CPU
		{605128D9-BA09-4263-B4BD-1AE9548C07D0}.Release|Any CPU.Deploy.0 = Release|Any CPU
		{605128D9-BA09-4263-B4BD-1AE9548C07D0}.Release|ARM.ActiveCfg = Release|Any CPU
		{605128D9-BA09-4263-B4BD-1AE9548C07D0}.Release|ARM.Build.0 = Release|Any CPU
		{605128D9-BA09-4263-B4BD-1AE9548C07D0}.Release|ARM.Deploy.0 = Release|Any CPU
		{605128D9-BA09-4263-B4BD-1AE9548C07D0}.Release|iPhone.ActiveCfg = Release|Any CPU
		{605128D9-BA09-4263-B4BD-1AE9548C07D0}.Release|iPhone.Build.0 = Release|Any CPU
		{605128D9-BA09-4263-B4BD-1AE9548C07D0}.Release|iPhone.Deploy.0 = Release|Any CPU
		{605128D9-BA09-4263-B4BD-1AE9548C07D0}.Release|iPhoneSimulator.ActiveCfg = Release|Any CPU
		{605128D9-BA09-4263-B4BD-1AE9548C07D0}.Release|iPhoneSimulator.Build.0 = Release|Any CPU
		{605128D9-BA09-4263-B4BD-1AE9548C07D0}.Release|iPhoneSimulator.Deploy.0 = Release|Any CPU
		{605128D9-BA09-4263-B4BD-1AE9548C07D0}.Release|x64.ActiveCfg = Release|Any CPU
		{605128D9-BA09-4263-B4BD-1AE9548C07D0}.Release|x64.Build.0 = Release|Any CPU
		{605128D9-BA09-4263-B4BD-1AE9548C07D0}.Release|x64.Deploy.0 = Release|Any CPU
		{605128D9-BA09-4263-B4BD-1AE9548C07D0}.Release|x86.ActiveCfg = Release|Any CPU
		{605128D9-BA09-4263-B4BD-1AE9548C07D0}.Release|x86.Build.0 = Release|Any CPU
		{605128D9-BA09-4263-B4BD-1AE9548C07D0}.Release|x86.Deploy.0 = Release|Any CPU
	EndGlobalSection
	GlobalSection(SolutionProperties) = preSolution
		HideSolutionNode = FALSE
	EndGlobalSection
	GlobalSection(ExtensibilityGlobals) = postSolution
		SolutionGuid = {A6830A4F-8965-4F56-A0D2-688BE6971EA9}
	EndGlobalSection
EndGlobal
